{
  "version": "5",
  "specifiers": {
    "jsr:@std/assert@*": "1.0.19",
    "jsr:@std/internal@^1.0.12": "1.0.14"
  },
  "jsr": {
    "@std/assert@1.0.19": {
      "integrity": "eaada96ee120cb980bc47e040f82814d786fe8162ecc53c91d8df60b8755991e",
      "dependencies": [
        "jsr:@std/internal"
      ]
    },
    "@std/internal@1.0.14": {
      "integrity": "291516b3d4c35024d6ffbc0a9df5bf4c64116e05b50012cf846710152d2ffdf7"
    }
  },
  "workspace": {
    "packageJson": {
      "dependencies": [
        "npm:@eslint/js@^9.39.5",
        "npm:@nestjs/common@^11.1.28",
        "npm:@nestjs/core@^11.1.28",
        "npm:@nestjs/platform-express@^11.1.28",
        "npm:@nestjs/platform-fastify@^11.1.28",
        "npm:@stylistic/eslint-plugin@^5.10.0",
        "npm:@types/autocannon@^7.12.7",
        "npm:@types/busboy@^1.5.4",
        "npm:@types/express@^5.0.6",
        "npm:@types/node@^18.19.0",
        "npm:@types/ws@^8.18.1",
        "npm:autocannon@8",
        "npm:busboy@^1.6.0",
        "npm:cognitive-complexity-ts@~0.8.2",
        "npm:esbuild@0.27.2",
        "npm:eslint@^9.39.5",
        "npm:express@^5.2.1",
        "npm:fastify@^5.11.0",
        "npm:graphql@^16.9.0",
        "npm:miniflare@^4.20260730.0",
        "npm:prettier@^3.9.6",
        "npm:reflect-metadata@0.2.2",
        "npm:rxjs@^7.8.2",
        "npm:tsup@^8.5.1",
        "npm:tsx@^4.23.5",
        "npm:typescript-eslint@^8.65.0",
        "npm:typescript@^5.5.0",
        "npm:vite@^6.4.3",
        "npm:vitest@^3.2.7",
        "npm:ws@^8.21.1"
      ],
      "overrides": {
        "find-my-way": "9.7.0",
        "autocannon": {
          "hyperid": {
            "uuid": "11.1.1"
          }
        },
        "undici": "7.29.0"
      }
    }
  }
}
